
Microsoft Visual Studio Solution File, Format Version 12.00
# Visual Studio Version 16
VisualStudioVersion = 16.0.29905.134
MinimumVisualStudioVersion = 10.0.40219.1
Project("{FAE04EC0-301F-11D3-BF4B-00C04F79EFBC}") = "cw3", "cw3.csproj", "{D300E51B-8FE4-4172-955F-D1E17A317F92}"
EndProject
Global
	GlobalSection(SolutionConfigurationPlatforms) = preSolution
		Debug|Any CPU = Debug|Any CPU
		Release|Any CPU = Release|Any CPU
	EndGlobalSection
	GlobalSection(ProjectConfigurationPlatforms) = postSolution
		{D300E51B-8FE4-4172-955F-D1E17A317F92}.Debug|Any CPU.ActiveCfg = Debug|Any CPU
		{D300E51B-8FE4-4172-955F-D1E17A317F92}.Debug|Any CPU.Build.0 = Debug|Any CPU
		{D300E51B-8FE4-4172-955F-D1E17A317F92}.Release|Any CPU.ActiveCfg = Release|Any CPU
		{D300E51B-8FE4-4172-955F-D1E17A317F92}.Release|Any CPU.Build.0 = Release|Any CPU
	EndGlobalSection
	GlobalSection(SolutionProperties) = preSolution
		HideSolutionNode = FALSE
	EndGlobalSection
	GlobalSection(ExtensibilityGlobals) = postSolution
		SolutionGuid = {DF0BD611-966E-46B3-AD2D-9ECAD1AFD317}
	EndGlobalSection
EndGlobal
